
Microsoft Visual Studio Solution File, Format Version 12.00
# Visual Studio Version 17
VisualStudioVersion = 17.3.32804.467
MinimumVisualStudioVersion = 10.0.40219.1
Project("{9A19103F-16F7-4668-BE54-9A1E7A4F7556}") = "Labyrinth", "Labyrinth\Labyrinth.csproj", "{D2A63AC6-E80A-443D-9766-B383EE69A0B9}"
EndProject
Project("{2150E333-8FDC-42A3-9474-1A3956D46DE8}") = "Solution Items", "Solution Items", "{93593B6C-6C1D-42AF-AAA5-68643FE95E89}"
	ProjectSection(SolutionItems) = preProject
		.editorconfig = .editorconfig
	EndProjectSection
EndProject
Global
	GlobalSection(SolutionConfigurationPlatforms) = preSolution
		Debug|Any CPU = Debug|Any CPU
		Release|Any CPU = Release|Any CPU
	EndGlobalSection
	GlobalSection(ProjectConfigurationPlatforms) = postSolution
		{D2A63AC6-E80A-443D-9766-B383EE69A0B9}.Debug|Any CPU.ActiveCfg = Debug|Any CPU
		{D2A63AC6-E80A-443D-9766-B383EE69A0B9}.Debug|Any CPU.Build.0 = Debug|Any CPU
		{D2A63AC6-E80A-443D-9766-B383EE69A0B9}.Release|Any CPU.ActiveCfg = Release|Any CPU
		{D2A63AC6-E80A-443D-9766-B383EE69A0B9}.Release|Any CPU.Build.0 = Release|Any CPU
	EndGlobalSection
	GlobalSection(SolutionProperties) = preSolution
		HideSolutionNode = FALSE
	EndGlobalSection
	GlobalSection(ExtensibilityGlobals) = postSolution
		SolutionGuid = {1B16EE4D-E9A4-42EF-A4E2-0D56533AD0EF}
	EndGlobalSection
EndGlobal
